// !$*UTF8*$!
{
	archiveVersion = 1;
	classes = {
	};
	objectVersion = 48;
	objects = {

/* Begin PBXBuildFile section */
		DB28F1831FF7DA7C00C5E1B9 /* IQNSArray+Sort.swift in Sources */ = {isa = PBXBuildFile; fileRef = DB28F16D1FF7DA7C00C5E1B9 /* IQNSArray+Sort.swift */; };
		DB28F1841FF7DA7C00C5E1B9 /* IQUIScrollView+Additions.swift in Sources */ = {isa = PBXBuildFile; fileRef = DB28F16E1FF7DA7C00C5E1B9 /* IQUIScrollView+Additions.swift */; };
		DB28F1851FF7DA7C00C5E1B9 /* IQUITextFieldView+Additions.swift in Sources */ = {isa = PBXBuildFile; fileRef = DB28F16F1FF7DA7C00C5E1B9 /* IQUITextFieldView+Additions.swift */; };
		DB28F1861FF7DA7C00C5E1B9 /* IQUIView+Hierarchy.swift in Sources */ = {isa = PBXBuildFile; fileRef = DB28F1701FF7DA7C00C5E1B9 /* IQUIView+Hierarchy.swift */; };
		DB28F1871FF7DA7C00C5E1B9 /* IQUIViewController+Additions.swift in Sources */ = {isa = PBXBuildFile; fileRef = DB28F1711FF7DA7C00C5E1B9 /* IQUIViewController+Additions.swift */; };
		DB28F1881FF7DA7C00C5E1B9 /* IQUIWindow+Hierarchy.swift in Sources */ = {isa = PBXBuildFile; fileRef = DB28F1721FF7DA7C00C5E1B9 /* IQUIWindow+Hierarchy.swift */; };
		DB28F1891FF7DA7C00C5E1B9 /* IQKeyboardManagerConstants.swift in Sources */ = {isa = PBXBuildFile; fileRef = DB28F1741FF7DA7C00C5E1B9 /* IQKeyboardManagerConstants.swift */; };
		DB28F18A1FF7DA7C00C5E1B9 /* IQKeyboardManagerConstantsInternal.swift in Sources */ = {isa = PBXBuildFile; fileRef = DB28F1751FF7DA7C00C5E1B9 /* IQKeyboardManagerConstantsInternal.swift */; };
		DB28F18B1FF7DA7C00C5E1B9 /* IQKeyboardManager.swift in Sources */ = {isa = PBXBuildFile; fileRef = DB28F1761FF7DA7C00C5E1B9 /* IQKeyboardManager.swift */; };
		DB28F18C1FF7DA7C00C5E1B9 /* IQKeyboardReturnKeyHandler.swift in Sources */ = {isa = PBXBuildFile; fileRef = DB28F1781FF7DA7C00C5E1B9 /* IQKeyboardReturnKeyHandler.swift */; };
		DB28F18D1FF7DA7C00C5E1B9 /* IQTextView.swift in Sources */ = {isa = PBXBuildFile; fileRef = DB28F17A1FF7DA7C00C5E1B9 /* IQTextView.swift */; };
		DB28F18E1FF7DA7C00C5E1B9 /* IQBarButtonItem.swift in Sources */ = {isa = PBXBuildFile; fileRef = DB28F17C1FF7DA7C00C5E1B9 /* IQBarButtonItem.swift */; };
		DB28F18F1FF7DA7C00C5E1B9 /* IQPreviousNextView.swift in Sources */ = {isa = PBXBuildFile; fileRef = DB28F17D1FF7DA7C00C5E1B9 /* IQPreviousNextView.swift */; };
		DB28F1901FF7DA7C00C5E1B9 /* IQTitleBarButtonItem.swift in Sources */ = {isa = PBXBuildFile; fileRef = DB28F17E1FF7DA7C00C5E1B9 /* IQTitleBarButtonItem.swift */; };
		DB28F1911FF7DA7C00C5E1B9 /* IQToolbar.swift in Sources */ = {isa = PBXBuildFile; fileRef = DB28F17F1FF7DA7C00C5E1B9 /* IQToolbar.swift */; };
		DB28F1921FF7DA7C00C5E1B9 /* IQUIView+IQKeyboardToolbar.swift in Sources */ = {isa = PBXBuildFile; fileRef = DB28F1801FF7DA7C00C5E1B9 /* IQUIView+IQKeyboardToolbar.swift */; };
		DB28F1931FF7DA7C00C5E1B9 /* IQKeyboardManager.bundle in Resources */ = {isa = PBXBuildFile; fileRef = DB28F1821FF7DA7C00C5E1B9 /* IQKeyboardManager.bundle */; };
		DBA915B2207FF0960099CBD1 /* HomeVC.swift in Sources */ = {isa = PBXBuildFile; fileRef = DBA915B1207FF0960099CBD1 /* HomeVC.swift */; };
		DBA915B4207FF4CF0099CBD1 /* LoginVC.swift in Sources */ = {isa = PBXBuildFile; fileRef = DBA915B3207FF4CF0099CBD1 /* LoginVC.swift */; };
		DBA915B6208003550099CBD1 /* UIBouncyButton.swift in Sources */ = {isa = PBXBuildFile; fileRef = DBA915B5208003550099CBD1 /* UIBouncyButton.swift */; };
		DBA915BA208008B70099CBD1 /* KeychainItemAccessibility.swift in Sources */ = {isa = PBXBuildFile; fileRef = DBA915B8208008B70099CBD1 /* KeychainItemAccessibility.swift */; };
		DBA915BB208008B70099CBD1 /* KeychainWrapper.swift in Sources */ = {isa = PBXBuildFile; fileRef = DBA915B9208008B70099CBD1 /* KeychainWrapper.swift */; };
		DBC3DC631FE7022E0046D650 /* AppDelegate.swift in Sources */ = {isa = PBXBuildFile; fileRef = DBC3DC621FE7022E0046D650 /* AppDelegate.swift */; };
		DBC3DC6B1FE7022E0046D650 /* Formatori.xcdatamodeld in Sources */ = {isa = PBXBuildFile; fileRef = DBC3DC691FE7022E0046D650 /* Formatori.xcdatamodeld */; };
		DBC3DC6D1FE7022E0046D650 /* Assets.xcassets in Resources */ = {isa = PBXBuildFile; fileRef = DBC3DC6C1FE7022E0046D650 /* Assets.xcassets */; };
		DBC3DC701FE7022E0046D650 /* LaunchScreen.storyboard in Resources */ = {isa = PBXBuildFile; fileRef = DBC3DC6E1FE7022E0046D650 /* LaunchScreen.storyboard */; };
		DBC3DC7E1FE707A30046D650 /* Auth.swift in Sources */ = {isa = PBXBuildFile; fileRef = DBC3DC7D1FE707A30046D650 /* Auth.swift */; };
		DBC3DC801FE707B80046D650 /* Response.swift in Sources */ = {isa = PBXBuildFile; fileRef = DBC3DC7F1FE707B80046D650 /* Response.swift */; };
		DBC3DC821FE708BC0046D650 /* Formatore.swift in Sources */ = {isa = PBXBuildFile; fileRef = DBC3DC811FE708BC0046D650 /* Formatore.swift */; };
		DBC3DC841FE833440046D650 /* Links.swift in Sources */ = {isa = PBXBuildFile; fileRef = DBC3DC831FE833440046D650 /* Links.swift */; };
		DBC3DC861FE8380E0046D650 /* Constants.swift in Sources */ = {isa = PBXBuildFile; fileRef = DBC3DC851FE8380E0046D650 /* Constants.swift */; };
		DBD401C31FE9A2BE00F0D599 /* VerificheCollCell.swift in Sources */ = {isa = PBXBuildFile; fileRef = DBD401C21FE9A2BE00F0D599 /* VerificheCollCell.swift */; };
		DBD401C71FE9BB5800F0D599 /* Loader.swift in Sources */ = {isa = PBXBuildFile; fileRef = DBD401C61FE9BB5800F0D599 /* Loader.swift */; };
		DBD401C91FEED2A700F0D599 /* VerificaCell.swift in Sources */ = {isa = PBXBuildFile; fileRef = DBD401C81FEED2A700F0D599 /* VerificaCell.swift */; };
		DBD401CD1FEEE38800F0D599 /* Verifica.swift in Sources */ = {isa = PBXBuildFile; fileRef = DBD401CC1FEEE38800F0D599 /* Verifica.swift */; };
		DBE698A320836981003F15A4 /* CRClasseVC.swift in Sources */ = {isa = PBXBuildFile; fileRef = DBE698A220836981003F15A4 /* CRClasseVC.swift */; };
		DBE698A5208377A3003F15A4 /* CRMateriaVC.swift in Sources */ = {isa = PBXBuildFile; fileRef = DBE698A4208377A3003F15A4 /* CRMateriaVC.swift */; };
		DBE698A820838A9E003F15A4 /* CRArgomentoVC.swift in Sources */ = {isa = PBXBuildFile; fileRef = DBE698A720838A9E003F15A4 /* CRArgomentoVC.swift */; };
/* End PBXBuildFile section */

/* Begin PBXFileReference section */
		DB28F16D1FF7DA7C00C5E1B9 /* IQNSArray+Sort.swift */ = {isa = PBXFileReference; fileEncoding = 4; lastKnownFileType = sourcecode.swift; path = "IQNSArray+Sort.swift"; sourceTree = "<group>"; };
		DB28F16E1FF7DA7C00C5E1B9 /* IQUIScrollView+Additions.swift */ = {isa = PBXFileReference; fileEncoding = 4; lastKnownFileType = sourcecode.swift; path = "IQUIScrollView+Additions.swift"; sourceTree = "<group>"; };
		DB28F16F1FF7DA7C00C5E1B9 /* IQUITextFieldView+Additions.swift */ = {isa = PBXFileReference; fileEncoding = 4; lastKnownFileType = sourcecode.swift; path = "IQUITextFieldView+Additions.swift"; sourceTree = "<group>"; };
		DB28F1701FF7DA7C00C5E1B9 /* IQUIView+Hierarchy.swift */ = {isa = PBXFileReference; fileEncoding = 4; lastKnownFileType = sourcecode.swift; path = "IQUIView+Hierarchy.swift"; sourceTree = "<group>"; };
		DB28F1711FF7DA7C00C5E1B9 /* IQUIViewController+Additions.swift */ = {isa = PBXFileReference; fileEncoding = 4; lastKnownFileType = sourcecode.swift; path = "IQUIViewController+Additions.swift"; sourceTree = "<group>"; };
		DB28F1721FF7DA7C00C5E1B9 /* IQUIWindow+Hierarchy.swift */ = {isa = PBXFileReference; fileEncoding = 4; lastKnownFileType = sourcecode.swift; path = "IQUIWindow+Hierarchy.swift"; sourceTree = "<group>"; };
		DB28F1741FF7DA7C00C5E1B9 /* IQKeyboardManagerConstants.swift */ = {isa = PBXFileReference; fileEncoding = 4; lastKnownFileType = sourcecode.swift; path = IQKeyboardManagerConstants.swift; sourceTree = "<group>"; };
		DB28F1751FF7DA7C00C5E1B9 /* IQKeyboardManagerConstantsInternal.swift */ = {isa = PBXFileReference; fileEncoding = 4; lastKnownFileType = sourcecode.swift; path = IQKeyboardManagerConstantsInternal.swift; sourceTree = "<group>"; };
		DB28F1761FF7DA7C00C5E1B9 /* IQKeyboardManager.swift */ = {isa = PBXFileReference; fileEncoding = 4; lastKnownFileType = sourcecode.swift; path = IQKeyboardManager.swift; sourceTree = "<group>"; };
		DB28F1771FF7DA7C00C5E1B9 /* IQKeyboardManagerSwift.h */ = {isa = PBXFileReference; fileEncoding = 4; lastKnownFileType = sourcecode.c.h; path = IQKeyboardManagerSwift.h; sourceTree = "<group>"; };
		DB28F1781FF7DA7C00C5E1B9 /* IQKeyboardReturnKeyHandler.swift */ = {isa = PBXFileReference; fileEncoding = 4; lastKnownFileType = sourcecode.swift; path = IQKeyboardReturnKeyHandler.swift; sourceTree = "<group>"; };
		DB28F17A1FF7DA7C00C5E1B9 /* IQTextView.swift */ = {isa = PBXFileReference; fileEncoding = 4; lastKnownFileType = sourcecode.swift; path = IQTextView.swift; sourceTree = "<group>"; };
		DB28F17C1FF7DA7C00C5E1B9 /* IQBarButtonItem.swift */ = {isa = PBXFileReference; fileEncoding = 4; lastKnownFileType = sourcecode.swift; path = IQBarButtonItem.swift; sourceTree = "<group>"; };
		DB28F17D1FF7DA7C00C5E1B9 /* IQPreviousNextView.swift */ = {isa = PBXFileReference; fileEncoding = 4; lastKnownFileType = sourcecode.swift; path = IQPreviousNextView.swift; sourceTree = "<group>"; };
		DB28F17E1FF7DA7C00C5E1B9 /* IQTitleBarButtonItem.swift */ = {isa = PBXFileReference; fileEncoding = 4; lastKnownFileType = sourcecode.swift; path = IQTitleBarButtonItem.swift; sourceTree = "<group>"; };
		DB28F17F1FF7DA7C00C5E1B9 /* IQToolbar.swift */ = {isa = PBXFileReference; fileEncoding = 4; lastKnownFileType = sourcecode.swift; path = IQToolbar.swift; sourceTree = "<group>"; };
		DB28F1801FF7DA7C00C5E1B9 /* IQUIView+IQKeyboardToolbar.swift */ = {isa = PBXFileReference; fileEncoding = 4; lastKnownFileType = sourcecode.swift; path = "IQUIView+IQKeyboardToolbar.swift"; sourceTree = "<group>"; };
		DB28F1821FF7DA7C00C5E1B9 /* IQKeyboardManager.bundle */ = {isa = PBXFileReference; lastKnownFileType = "wrapper.plug-in"; path = IQKeyboardManager.bundle; sourceTree = "<group>"; };
		DBA915B1207FF0960099CBD1 /* HomeVC.swift */ = {isa = PBXFileReference; lastKnownFileType = sourcecode.swift; path = HomeVC.swift; sourceTree = "<group>"; };
		DBA915B3207FF4CF0099CBD1 /* LoginVC.swift */ = {isa = PBXFileReference; lastKnownFileType = sourcecode.swift; path = LoginVC.swift; sourceTree = "<group>"; };
		DBA915B5208003550099CBD1 /* UIBouncyButton.swift */ = {isa = PBXFileReference; fileEncoding = 4; lastKnownFileType = sourcecode.swift; path = UIBouncyButton.swift; sourceTree = "<group>"; };
		DBA915B8208008B70099CBD1 /* KeychainItemAccessibility.swift */ = {isa = PBXFileReference; fileEncoding = 4; lastKnownFileType = sourcecode.swift; path = KeychainItemAccessibility.swift; sourceTree = "<group>"; };
		DBA915B9208008B70099CBD1 /* KeychainWrapper.swift */ = {isa = PBXFileReference; fileEncoding = 4; lastKnownFileType = sourcecode.swift; path = KeychainWrapper.swift; sourceTree = "<group>"; };
		DBC3DC5F1FE7022E0046D650 /* Formatori.app */ = {isa = PBXFileReference; explicitFileType = wrapper.application; includeInIndex = 0; path = Formatori.app; sourceTree = BUILT_PRODUCTS_DIR; };
		DBC3DC621FE7022E0046D650 /* AppDelegate.swift */ = {isa = PBXFileReference; lastKnownFileType = sourcecode.swift; path = AppDelegate.swift; sourceTree = "<group>"; };
		DBC3DC6A1FE7022E0046D650 /* Formatori.xcdatamodel */ = {isa = PBXFileReference; lastKnownFileType = wrapper.xcdatamodel; path = Formatori.xcdatamodel; sourceTree = "<group>"; };
		DBC3DC6C1FE7022E0046D650 /* Assets.xcassets */ = {isa = PBXFileReference; lastKnownFileType = folder.assetcatalog; path = Assets.xcassets; sourceTree = "<group>"; };
		DBC3DC6F1FE7022E0046D650 /* Base */ = {isa = PBXFileReference; lastKnownFileType = file.storyboard; name = Base; path = Base.lproj/LaunchScreen.storyboard; sourceTree = "<group>"; };
		DBC3DC711FE7022E0046D650 /* Info.plist */ = {isa = PBXFileReference; lastKnownFileType = text.plist.xml; path = Info.plist; sourceTree = "<group>"; };
		DBC3DC7D1FE707A30046D650 /* Auth.swift */ = {isa = PBXFileReference; lastKnownFileType = sourcecode.swift; path = Auth.swift; sourceTree = "<group>"; };
		DBC3DC7F1FE707B80046D650 /* Response.swift */ = {isa = PBXFileReference; lastKnownFileType = sourcecode.swift; path = Response.swift; sourceTree = "<group>"; };
		DBC3DC811FE708BC0046D650 /* Formatore.swift */ = {isa = PBXFileReference; lastKnownFileType = sourcecode.swift; path = Formatore.swift; sourceTree = "<group>"; };
		DBC3DC831FE833440046D650 /* Links.swift */ = {isa = PBXFileReference; lastKnownFileType = sourcecode.swift; path = Links.swift; sourceTree = "<group>"; };
		DBC3DC851FE8380E0046D650 /* Constants.swift */ = {isa = PBXFileReference; lastKnownFileType = sourcecode.swift; path = Constants.swift; sourceTree = "<group>"; };
		DBD401C21FE9A2BE00F0D599 /* VerificheCollCell.swift */ = {isa = PBXFileReference; lastKnownFileType = sourcecode.swift; path = VerificheCollCell.swift; sourceTree = "<group>"; };
		DBD401C61FE9BB5800F0D599 /* Loader.swift */ = {isa = PBXFileReference; lastKnownFileType = sourcecode.swift; path = Loader.swift; sourceTree = "<group>"; };
		DBD401C81FEED2A700F0D599 /* VerificaCell.swift */ = {isa = PBXFileReference; lastKnownFileType = sourcecode.swift; path = VerificaCell.swift; sourceTree = "<group>"; };
		DBD401CC1FEEE38800F0D599 /* Verifica.swift */ = {isa = PBXFileReference; lastKnownFileType = sourcecode.swift; path = Verifica.swift; sourceTree = "<group>"; };
		DBE698A220836981003F15A4 /* CRClasseVC.swift */ = {isa = PBXFileReference; lastKnownFileType = sourcecode.swift; path = CRClasseVC.swift; sourceTree = "<group>"; };
		DBE698A4208377A3003F15A4 /* CRMateriaVC.swift */ = {isa = PBXFileReference; lastKnownFileType = sourcecode.swift; path = CRMateriaVC.swift; sourceTree = "<group>"; };
		DBE698A720838A9E003F15A4 /* CRArgomentoVC.swift */ = {isa = PBXFileReference; lastKnownFileType = sourcecode.swift; path = CRArgomentoVC.swift; sourceTree = "<group>"; };
/* End PBXFileReference section */

/* Begin PBXFrameworksBuildPhase section */
		DBC3DC5C1FE7022E0046D650 /* Frameworks */ = {
			isa = PBXFrameworksBuildPhase;
			buildActionMask = 2147483647;
			files = (
			);
			runOnlyForDeploymentPostprocessing = 0;
		};
/* End PBXFrameworksBuildPhase section */

/* Begin PBXGroup section */
		DB28F16B1FF7DA7C00C5E1B9 /* IQKeyboardManagerSwift */ = {
			isa = PBXGroup;
			children = (
				DB28F16C1FF7DA7C00C5E1B9 /* Categories */,
				DB28F1731FF7DA7C00C5E1B9 /* Constants */,
				DB28F1761FF7DA7C00C5E1B9 /* IQKeyboardManager.swift */,
				DB28F1771FF7DA7C00C5E1B9 /* IQKeyboardManagerSwift.h */,
				DB28F1781FF7DA7C00C5E1B9 /* IQKeyboardReturnKeyHandler.swift */,
				DB28F1791FF7DA7C00C5E1B9 /* IQTextView */,
				DB28F17B1FF7DA7C00C5E1B9 /* IQToolbar */,
				DB28F1811FF7DA7C00C5E1B9 /* Resources */,
			);
			path = IQKeyboardManagerSwift;
			sourceTree = "<group>";
		};
		DB28F16C1FF7DA7C00C5E1B9 /* Categories */ = {
			isa = PBXGroup;
			children = (
				DB28F16D1FF7DA7C00C5E1B9 /* IQNSArray+Sort.swift */,
				DB28F16E1FF7DA7C00C5E1B9 /* IQUIScrollView+Additions.swift */,
				DB28F16F1FF7DA7C00C5E1B9 /* IQUITextFieldView+Additions.swift */,
				DB28F1701FF7DA7C00C5E1B9 /* IQUIView+Hierarchy.swift */,
				DB28F1711FF7DA7C00C5E1B9 /* IQUIViewController+Additions.swift */,
				DB28F1721FF7DA7C00C5E1B9 /* IQUIWindow+Hierarchy.swift */,
			);
			path = Categories;
			sourceTree = "<group>";
		};
		DB28F1731FF7DA7C00C5E1B9 /* Constants */ = {
			isa = PBXGroup;
			children = (
				DB28F1741FF7DA7C00C5E1B9 /* IQKeyboardManagerConstants.swift */,
				DB28F1751FF7DA7C00C5E1B9 /* IQKeyboardManagerConstantsInternal.swift */,
			);
			path = Constants;
			sourceTree = "<group>";
		};
		DB28F1791FF7DA7C00C5E1B9 /* IQTextView */ = {
			isa = PBXGroup;
			children = (
				DB28F17A1FF7DA7C00C5E1B9 /* IQTextView.swift */,
			);
			path = IQTextView;
			sourceTree = "<group>";
		};
		DB28F17B1FF7DA7C00C5E1B9 /* IQToolbar */ = {
			isa = PBXGroup;
			children = (
				DB28F17C1FF7DA7C00C5E1B9 /* IQBarButtonItem.swift */,
				DB28F17D1FF7DA7C00C5E1B9 /* IQPreviousNextView.swift */,
				DB28F17E1FF7DA7C00C5E1B9 /* IQTitleBarButtonItem.swift */,
				DB28F17F1FF7DA7C00C5E1B9 /* IQToolbar.swift */,
				DB28F1801FF7DA7C00C5E1B9 /* IQUIView+IQKeyboardToolbar.swift */,
			);
			path = IQToolbar;
			sourceTree = "<group>";
		};
		DB28F1811FF7DA7C00C5E1B9 /* Resources */ = {
			isa = PBXGroup;
			children = (
				DB28F1821FF7DA7C00C5E1B9 /* IQKeyboardManager.bundle */,
			);
			path = Resources;
			sourceTree = "<group>";
		};
		DBA915B7208008B70099CBD1 /* Keychain */ = {
			isa = PBXGroup;
			children = (
				DBA915B8208008B70099CBD1 /* KeychainItemAccessibility.swift */,
				DBA915B9208008B70099CBD1 /* KeychainWrapper.swift */,
			);
			path = Keychain;
			sourceTree = "<group>";
		};
		DBC3DC561FE7022E0046D650 = {
			isa = PBXGroup;
			children = (
				DBC3DC611FE7022E0046D650 /* Formatori */,
				DBC3DC771FE702420046D650 /* Supporting Files */,
				DBC3DC601FE7022E0046D650 /* Products */,
			);
			sourceTree = "<group>";
		};
		DBC3DC601FE7022E0046D650 /* Products */ = {
			isa = PBXGroup;
			children = (
				DBC3DC5F1FE7022E0046D650 /* Formatori.app */,
			);
			name = Products;
			sourceTree = "<group>";
		};
		DBC3DC611FE7022E0046D650 /* Formatori */ = {
			isa = PBXGroup;
			children = (
				DBC3DC7C1FE707870046D650 /* View Controllers */,
				DBC3DC7B1FE7077F0046D650 /* Model */,
				DBC3DC781FE703790046D650 /* Views */,
				DBC3DC711FE7022E0046D650 /* Info.plist */,
			);
			path = Formatori;
			sourceTree = "<group>";
		};
		DBC3DC771FE702420046D650 /* Supporting Files */ = {
			isa = PBXGroup;
			children = (
				DBC3DC621FE7022E0046D650 /* AppDelegate.swift */,
				DBC3DC6C1FE7022E0046D650 /* Assets.xcassets */,
				DBC3DC6E1FE7022E0046D650 /* LaunchScreen.storyboard */,
				DBC3DC691FE7022E0046D650 /* Formatori.xcdatamodeld */,
				DB28F16B1FF7DA7C00C5E1B9 /* IQKeyboardManagerSwift */,
			);
			path = "Supporting Files";
			sourceTree = "<group>";
		};
		DBC3DC781FE703790046D650 /* Views */ = {
			isa = PBXGroup;
			children = (
				DBD401C21FE9A2BE00F0D599 /* VerificheCollCell.swift */,
				DBD401C81FEED2A700F0D599 /* VerificaCell.swift */,
				DBA915B5208003550099CBD1 /* UIBouncyButton.swift */,
			);
			path = Views;
			sourceTree = "<group>";
		};
		DBC3DC7B1FE7077F0046D650 /* Model */ = {
			isa = PBXGroup;
			children = (
				DBA915B7208008B70099CBD1 /* Keychain */,
				DBC3DC7D1FE707A30046D650 /* Auth.swift */,
				DBC3DC7F1FE707B80046D650 /* Response.swift */,
				DBC3DC811FE708BC0046D650 /* Formatore.swift */,
				DBD401C61FE9BB5800F0D599 /* Loader.swift */,
				DBD401CC1FEEE38800F0D599 /* Verifica.swift */,
				DBC3DC831FE833440046D650 /* Links.swift */,
				DBC3DC851FE8380E0046D650 /* Constants.swift */,
			);
			path = Model;
			sourceTree = "<group>";
		};
		DBC3DC7C1FE707870046D650 /* View Controllers */ = {
			isa = PBXGroup;
			children = (
				DBA915B1207FF0960099CBD1 /* HomeVC.swift */,
				DBA915B3207FF4CF0099CBD1 /* LoginVC.swift */,
				DBE698A6208377B1003F15A4 /* VerificaCreationVCs */,
			);
			path = "View Controllers";
			sourceTree = "<group>";
		};
		DBE698A6208377B1003F15A4 /* VerificaCreationVCs */ = {
			isa = PBXGroup;
			children = (
				DBE698A220836981003F15A4 /* CRClasseVC.swift */,
				DBE698A4208377A3003F15A4 /* CRMateriaVC.swift */,
				DBE698A720838A9E003F15A4 /* CRArgomentoVC.swift */,
			);
			path = VerificaCreationVCs;
			sourceTree = "<group>";
		};
/* End PBXGroup section */

/* Begin PBXNativeTarget section */
		DBC3DC5E1FE7022E0046D650 /* Formatori */ = {
			isa = PBXNativeTarget;
			buildConfigurationList = DBC3DC741FE7022E0046D650 /* Build configuration list for PBXNativeTarget "Formatori" */;
			buildPhases = (
				DBC3DC5B1FE7022E0046D650 /* Sources */,
				DBC3DC5C1FE7022E0046D650 /* Frameworks */,
				DBC3DC5D1FE7022E0046D650 /* Resources */,
			);
			buildRules = (
			);
			dependencies = (
			);
			name = Formatori;
			productName = Formatori;
			productReference = DBC3DC5F1FE7022E0046D650 /* Formatori.app */;
			productType = "com.apple.product-type.application";
		};
/* End PBXNativeTarget section */

/* Begin PBXProject section */
		DBC3DC571FE7022E0046D650 /* Project object */ = {
			isa = PBXProject;
			attributes = {
				LastSwiftUpdateCheck = 0920;
				LastUpgradeCheck = 0920;
				ORGANIZATIONNAME = "Dani Tox";
				TargetAttributes = {
					DBC3DC5E1FE7022E0046D650 = {
						CreatedOnToolsVersion = 9.2;
						ProvisioningStyle = Automatic;
					};
				};
			};
			buildConfigurationList = DBC3DC5A1FE7022E0046D650 /* Build configuration list for PBXProject "Formatori" */;
			compatibilityVersion = "Xcode 8.0";
			developmentRegion = en;
			hasScannedForEncodings = 0;
			knownRegions = (
				en,
				Base,
			);
			mainGroup = DBC3DC561FE7022E0046D650;
			productRefGroup = DBC3DC601FE7022E0046D650 /* Products */;
			projectDirPath = "";
			projectRoot = "";
			targets = (
				DBC3DC5E1FE7022E0046D650 /* Formatori */,
			);
		};
/* End PBXProject section */

/* Begin PBXResourcesBuildPhase section */
		DBC3DC5D1FE7022E0046D650 /* Resources */ = {
			isa = PBXResourcesBuildPhase;
			buildActionMask = 2147483647;
			files = (
				DBC3DC701FE7022E0046D650 /* LaunchScreen.storyboard in Resources */,
				DBC3DC6D1FE7022E0046D650 /* Assets.xcassets in Resources */,
				DB28F1931FF7DA7C00C5E1B9 /* IQKeyboardManager.bundle in Resources */,
			);
			runOnlyForDeploymentPostprocessing = 0;
		};
/* End PBXResourcesBuildPhase section */

/* Begin PBXSourcesBuildPhase section */
		DBC3DC5B1FE7022E0046D650 /* Sources */ = {
			isa = PBXSourcesBuildPhase;
			buildActionMask = 2147483647;
			files = (
				DBC3DC7E1FE707A30046D650 /* Auth.swift in Sources */,
				DBA915B2207FF0960099CBD1 /* HomeVC.swift in Sources */,
				DB28F18B1FF7DA7C00C5E1B9 /* IQKeyboardManager.swift in Sources */,
				DB28F1891FF7DA7C00C5E1B9 /* IQKeyboardManagerConstants.swift in Sources */,
				DB28F1861FF7DA7C00C5E1B9 /* IQUIView+Hierarchy.swift in Sources */,
				DBC3DC6B1FE7022E0046D650 /* Formatori.xcdatamodeld in Sources */,
				DBD401CD1FEEE38800F0D599 /* Verifica.swift in Sources */,
				DBC3DC821FE708BC0046D650 /* Formatore.swift in Sources */,
				DBC3DC801FE707B80046D650 /* Response.swift in Sources */,
				DB28F18A1FF7DA7C00C5E1B9 /* IQKeyboardManagerConstantsInternal.swift in Sources */,
				DB28F1881FF7DA7C00C5E1B9 /* IQUIWindow+Hierarchy.swift in Sources */,
				DB28F18D1FF7DA7C00C5E1B9 /* IQTextView.swift in Sources */,
				DB28F1831FF7DA7C00C5E1B9 /* IQNSArray+Sort.swift in Sources */,
				DB28F18E1FF7DA7C00C5E1B9 /* IQBarButtonItem.swift in Sources */,
				DB28F1851FF7DA7C00C5E1B9 /* IQUITextFieldView+Additions.swift in Sources */,
				DBA915BA208008B70099CBD1 /* KeychainItemAccessibility.swift in Sources */,
				DB28F1901FF7DA7C00C5E1B9 /* IQTitleBarButtonItem.swift in Sources */,
				DBA915B4207FF4CF0099CBD1 /* LoginVC.swift in Sources */,
				DBA915B6208003550099CBD1 /* UIBouncyButton.swift in Sources */,
				DBE698A820838A9E003F15A4 /* CRArgomentoVC.swift in Sources */,
				DB28F18C1FF7DA7C00C5E1B9 /* IQKeyboardReturnKeyHandler.swift in Sources */,
				DBE698A320836981003F15A4 /* CRClasseVC.swift in Sources */,
				DBC3DC631FE7022E0046D650 /* AppDelegate.swift in Sources */,
				DB28F1871FF7DA7C00C5E1B9 /* IQUIViewController+Additions.swift in Sources */,
				DB28F1911FF7DA7C00C5E1B9 /* IQToolbar.swift in Sources */,
				DBD401C31FE9A2BE00F0D599 /* VerificheCollCell.swift in Sources */,
				DBD401C91FEED2A700F0D599 /* VerificaCell.swift in Sources */,
				DBC3DC841FE833440046D650 /* Links.swift in Sources */,
				DB28F18F1FF7DA7C00C5E1B9 /* IQPreviousNextView.swift in Sources */,
				DB28F1841FF7DA7C00C5E1B9 /* IQUIScrollView+Additions.swift in Sources */,
				DB28F1921FF7DA7C00C5E1B9 /* IQUIView+IQKeyboardToolbar.swift in Sources */,
				DBA915BB208008B70099CBD1 /* KeychainWrapper.swift in Sources */,
				DBE698A5208377A3003F15A4 /* CRMateriaVC.swift in Sources */,
				DBD401C71FE9BB5800F0D599 /* Loader.swift in Sources */,
				DBC3DC861FE8380E0046D650 /* Constants.swift in Sources */,
			);
			runOnlyForDeploymentPostprocessing = 0;
		};
/* End PBXSourcesBuildPhase section */

/* Begin PBXVariantGroup section */
		DBC3DC6E1FE7022E0046D650 /* LaunchScreen.storyboard */ = {
			isa = PBXVariantGroup;
			children = (
				DBC3DC6F1FE7022E0046D650 /* Base */,
			);
			name = LaunchScreen.storyboard;
			sourceTree = "<group>";
		};
/* End PBXVariantGroup section */

/* Begin XCBuildConfiguration section */
		DBC3DC721FE7022E0046D650 /* Debug */ = {
			isa = XCBuildConfiguration;
			buildSettings = {
				ALWAYS_SEARCH_USER_PATHS = NO;
				CLANG_ANALYZER_NONNULL = YES;
				CLANG_ANALYZER_NUMBER_OBJECT_CONVERSION = YES_AGGRESSIVE;
				CLANG_CXX_LANGUAGE_STANDARD = "gnu++14";
				CLANG_CXX_LIBRARY = "libc++";
				CLANG_ENABLE_MODULES = YES;
				CLANG_ENABLE_OBJC_ARC = YES;
				CLANG_WARN_BLOCK_CAPTURE_AUTORELEASING = YES;
				CLANG_WARN_BOOL_CONVERSION = YES;
				CLANG_WARN_COMMA = YES;
				CLANG_WARN_CONSTANT_CONVERSION = YES;
				CLANG_WARN_DIRECT_OBJC_ISA_USAGE = YES_ERROR;
				CLANG_WARN_DOCUMENTATION_COMMENTS = YES;
				CLANG_WARN_EMPTY_BODY = YES;
				CLANG_WARN_ENUM_CONVERSION = YES;
				CLANG_WARN_INFINITE_RECURSION = YES;
				CLANG_WARN_INT_CONVERSION = YES;
				CLANG_WARN_NON_LITERAL_NULL_CONVERSION = YES;
				CLANG_WARN_OBJC_LITERAL_CONVERSION = YES;
				CLANG_WARN_OBJC_ROOT_CLASS = YES_ERROR;
				CLANG_WARN_RANGE_LOOP_ANALYSIS = YES;
				CLANG_WARN_STRICT_PROTOTYPES = YES;
				CLANG_WARN_SUSPICIOUS_MOVE = YES;
				CLANG_WARN_UNGUARDED_AVAILABILITY = YES_AGGRESSIVE;
				CLANG_WARN_UNREACHABLE_CODE = YES;
				CLANG_WARN__DUPLICATE_METHOD_MATCH = YES;
				CODE_SIGN_IDENTITY = "iPhone Developer";
				COPY_PHASE_STRIP = NO;
				DEBUG_INFORMATION_FORMAT = dwarf;
				ENABLE_STRICT_OBJC_MSGSEND = YES;
				ENABLE_TESTABILITY = YES;
				GCC_C_LANGUAGE_STANDARD = gnu11;
				GCC_DYNAMIC_NO_PIC = NO;
				GCC_NO_COMMON_BLOCKS = YES;
				GCC_OPTIMIZATION_LEVEL = 0;
				GCC_PREPROCESSOR_DEFINITIONS = (
					"DEBUG=1",
					"$(inherited)",
				);
				GCC_WARN_64_TO_32_BIT_CONVERSION = YES;
				GCC_WARN_ABOUT_RETURN_TYPE = YES_ERROR;
				GCC_WARN_UNDECLARED_SELECTOR = YES;
				GCC_WARN_UNINITIALIZED_AUTOS = YES_AGGRESSIVE;
				GCC_WARN_UNUSED_FUNCTION = YES;
				GCC_WARN_UNUSED_VARIABLE = YES;
				IPHONEOS_DEPLOYMENT_TARGET = 11.2;
				MTL_ENABLE_DEBUG_INFO = YES;
				ONLY_ACTIVE_ARCH = YES;
				SDKROOT = iphoneos;
				SWIFT_ACTIVE_COMPILATION_CONDITIONS = DEBUG;
				SWIFT_OPTIMIZATION_LEVEL = "-Onone";
			};
			name = Debug;
		};
		DBC3DC731FE7022E0046D650 /* Release */ = {
			isa = XCBuildConfiguration;
			buildSettings = {
				ALWAYS_SEARCH_USER_PATHS = NO;
				CLANG_ANALYZER_NONNULL = YES;
				CLANG_ANALYZER_NUMBER_OBJECT_CONVERSION = YES_AGGRESSIVE;
				CLANG_CXX_LANGUAGE_STANDARD = "gnu++14";
				CLANG_CXX_LIBRARY = "libc++";
				CLANG_ENABLE_MODULES = YES;
				CLANG_ENABLE_OBJC_ARC = YES;
				CLANG_WARN_BLOCK_CAPTURE_AUTORELEASING = YES;
				CLANG_WARN_BOOL_CONVERSION = YES;
				CLANG_WARN_COMMA = YES;
				CLANG_WARN_CONSTANT_CONVERSION = YES;
				CLANG_WARN_DIRECT_OBJC_ISA_USAGE = YES_ERROR;
				CLANG_WARN_DOCUMENTATION_COMMENTS = YES;
				CLANG_WARN_EMPTY_BODY = YES;
				CLANG_WARN_ENUM_CONVERSION = YES;
				CLANG_WARN_INFINITE_RECURSION = YES;
				CLANG_WARN_INT_CONVERSION = YES;
				CLANG_WARN_NON_LITERAL_NULL_CONVERSION = YES;
				CLANG_WARN_OBJC_LITERAL_CONVERSION = YES;
				CLANG_WARN_OBJC_ROOT_CLASS = YES_ERROR;
				CLANG_WARN_RANGE_LOOP_ANALYSIS = YES;
				CLANG_WARN_STRICT_PROTOTYPES = YES;
				CLANG_WARN_SUSPICIOUS_MOVE = YES;
				CLANG_WARN_UNGUARDED_AVAILABILITY = YES_AGGRESSIVE;
				CLANG_WARN_UNREACHABLE_CODE = YES;
				CLANG_WARN__DUPLICATE_METHOD_MATCH = YES;
				CODE_SIGN_IDENTITY = "iPhone Developer";
				COPY_PHASE_STRIP = NO;
				DEBUG_INFORMATION_FORMAT = "dwarf-with-dsym";
				ENABLE_NS_ASSERTIONS = NO;
				ENABLE_STRICT_OBJC_MSGSEND = YES;
				GCC_C_LANGUAGE_STANDARD = gnu11;
				GCC_NO_COMMON_BLOCKS = YES;
				GCC_WARN_64_TO_32_BIT_CONVERSION = YES;
				GCC_WARN_ABOUT_RETURN_TYPE = YES_ERROR;
				GCC_WARN_UNDECLARED_SELECTOR = YES;
				GCC_WARN_UNINITIALIZED_AUTOS = YES_AGGRESSIVE;
				GCC_WARN_UNUSED_FUNCTION = YES;
				GCC_WARN_UNUSED_VARIABLE = YES;
				IPHONEOS_DEPLOYMENT_TARGET = 11.2;
				MTL_ENABLE_DEBUG_INFO = NO;
				SDKROOT = iphoneos;
				SWIFT_OPTIMIZATION_LEVEL = "-Owholemodule";
				VALIDATE_PRODUCT = YES;
			};
			name = Release;
		};
		DBC3DC751FE7022E0046D650 /* Debug */ = {
			isa = XCBuildConfiguration;
			buildSettings = {
				ASSETCATALOG_COMPILER_APPICON_NAME = AppIcon;
				CODE_SIGN_STYLE = Automatic;
				DEVELOPMENT_TEAM = Q5WYV8U42F;
				INFOPLIST_FILE = Formatori/Info.plist;
				IPHONEOS_DEPLOYMENT_TARGET = 9.0;
				LD_RUNPATH_SEARCH_PATHS = "$(inherited) @executable_path/Frameworks";
				PRODUCT_BUNDLE_IDENTIFIER = com.danitox.Formatori;
				PRODUCT_NAME = "$(TARGET_NAME)";
				SWIFT_VERSION = 4.0;
				TARGETED_DEVICE_FAMILY = "1,2";
			};
			name = Debug;
		};
		DBC3DC761FE7022E0046D650 /* Release */ = {
			isa = XCBuildConfiguration;
			buildSettings = {
				ASSETCATALOG_COMPILER_APPICON_NAME = AppIcon;
				CODE_SIGN_STYLE = Automatic;
				DEVELOPMENT_TEAM = Q5WYV8U42F;
				INFOPLIST_FILE = Formatori/Info.plist;
				IPHONEOS_DEPLOYMENT_TARGET = 9.0;
				LD_RUNPATH_SEARCH_PATHS = "$(inherited) @executable_path/Frameworks";
				PRODUCT_BUNDLE_IDENTIFIER = com.danitox.Formatori;
				PRODUCT_NAME = "$(TARGET_NAME)";
				SWIFT_VERSION = 4.0;
				TARGETED_DEVICE_FAMILY = "1,2";
			};
			name = Release;
		};
/* End XCBuildConfiguration section */

/* Begin XCConfigurationList section */
		DBC3DC5A1FE7022E0046D650 /* Build configuration list for PBXProject "Formatori" */ = {
			isa = XCConfigurationList;
			buildConfigurations = (
				DBC3DC721FE7022E0046D650 /* Debug */,
				DBC3DC731FE7022E0046D650 /* Release */,
			);
			defaultConfigurationIsVisible = 0;
			defaultConfigurationName = Release;
		};
		DBC3DC741FE7022E0046D650 /* Build configuration list for PBXNativeTarget "Formatori" */ = {
			isa = XCConfigurationList;
			buildConfigurations = (
				DBC3DC751FE7022E0046D650 /* Debug */,
				DBC3DC761FE7022E0046D650 /* Release */,
			);
			defaultConfigurationIsVisible = 0;
			defaultConfigurationName = Release;
		};
/* End XCConfigurationList section */

/* Begin XCVersionGroup section */
		DBC3DC691FE7022E0046D650 /* Formatori.xcdatamodeld */ = {
			isa = XCVersionGroup;
			children = (
				DBC3DC6A1FE7022E0046D650 /* Formatori.xcdatamodel */,
			);
			currentVersion = DBC3DC6A1FE7022E0046D650 /* Formatori.xcdatamodel */;
			path = Formatori.xcdatamodeld;
			sourceTree = "<group>";
			versionGroupType = wrapper.xcdatamodel;
		};
/* End XCVersionGroup section */
	};
	rootObject = DBC3DC571FE7022E0046D650 /* Project object */;
}
